
Microsoft Visual Studio Solution File, Format Version 9.00
# Visual Studio 2005
Project("{F184B08F-C81C-45F6-A57F-5ABD9991F28F}") = "ADMS", "ADMS.vbproj", "{90146645-535B-4BCF-906F-60A68606164A}"
EndProject
Global
	GlobalSection(SolutionConfigurationPlatforms) = preSolution
		Debug|Any CPU = Debug|Any CPU
		Release|Any CPU = Release|Any CPU
	EndGlobalSection
	GlobalSection(ProjectConfigurationPlatforms) = postSolution
		{90146645-535B-4BCF-906F-60A68606164A}.Debug|Any CPU.ActiveCfg = Release|Any CPU
		{90146645-535B-4BCF-906F-60A68606164A}.Debug|Any CPU.Build.0 = Release|Any CPU
		{90146645-535B-4BCF-906F-60A68606164A}.Release|Any CPU.ActiveCfg = Release|Any CPU
		{90146645-535B-4BCF-906F-60A68606164A}.Release|Any CPU.Build.0 = Release|Any CPU
	EndGlobalSection
	GlobalSection(SolutionProperties) = preSolution
		HideSolutionNode = FALSE
	EndGlobalSection
EndGlobal
